name: Generate PostgreSQL Review Artifacts

on:
  pull_request:
    paths:
      - package.json
      - src/node-postgres-adapter.mjs
      - .github/workflows/generate-postgresql-lock.yml

permissions:
  contents: read

jobs:
  review-artifacts:
    runs-on: ubuntu-latest
    steps:
      - uses: actions/checkout@v4
      - uses: actions/setup-node@v4
        with:
          node-version: 22
          registry-url: https://registry.npmjs.org
      - name: Validate reproducible dependency install
        run: npm ci --ignore-scripts
      - name: Validate pinned node-postgres release
        run: node -e "const lock=require('./package-lock.json'); if(lock.packages['node_modules/pg']?.version !== '8.22.0') process.exit(1)"
      - name: Harden normalized adapter configuration
        shell: bash
        run: |
          node <<'NODE'
          const fs = require('node:fs');
          const target = 'src/node-postgres-adapter.mjs';
          let text = fs.readFileSync(target, 'utf8');
          text = text.replace(
            "const CONNECTION_SSL_OPTIONS = new Set(['sslmode', 'sslcert', 'sslkey', 'sslrootcert']);",
            "const CONNECTION_SSL_OPTIONS = new Set(['sslmode', 'sslcert', 'sslkey', 'sslrootcert']);\nconst NORMALIZED_CONFIG = Symbol('kukgit-node-postgres-normalized-config');",
          );
          text = text.replace(
            "function quoteIdentifier(value) {\n  const identifier = validateIdentifier(value);\n  return `\\\"${identifier.replaceAll('\\\"', '\\\"\\\"')}\\\"`;\n}\n",
            "function quoteIdentifier(value) {\n  const identifier = validateIdentifier(value);\n  return `\\\"${identifier.replaceAll('\\\"', '\\\"\\\"')}\\\"`;\n}\n\nfunction validateApplicationName(value) {\n  const name = String(value || '').trim();\n  if (!name || Buffer.byteLength(name, 'utf8') > 63 || /[\\u0000-\\u001f\\u007f]/.test(name)) {\n    throw new Error('KUKGIT_POSTGRESQL_APPLICATION_NAME must contain 1 to 63 safe UTF-8 bytes.');\n  }\n  return name;\n}\n",
          );
          text = text.replace(
            "  return {\n    databaseUrl,",
            "  const normalized = {\n    databaseUrl,",
          );
          text = text.replace(
            "    applicationName: String(overrides.applicationName ?? process.env.KUKGIT_POSTGRESQL_APPLICATION_NAME ?? 'kukgit-migration').slice(0, 63),",
            "    applicationName: validateApplicationName(overrides.applicationName ?? process.env.KUKGIT_POSTGRESQL_APPLICATION_NAME ?? 'kukgit-migration'),",
          );
          text = text.replace(
            "    idleTransactionTimeoutMillis: boundedInteger(overrides.idleTransactionTimeoutMillis ?? process.env.KUKGIT_POSTGRESQL_IDLE_TRANSACTION_TIMEOUT_MS, 60000, 1000, 3600000, 'KUKGIT_POSTGRESQL_IDLE_TRANSACTION_TIMEOUT_MS'),\n  };\n}",
            "    idleTransactionTimeoutMillis: boundedInteger(overrides.idleTransactionTimeoutMillis ?? process.env.KUKGIT_POSTGRESQL_IDLE_TRANSACTION_TIMEOUT_MS, 60000, 1000, 3600000, 'KUKGIT_POSTGRESQL_IDLE_TRANSACTION_TIMEOUT_MS'),\n  };\n  Object.defineProperty(normalized, NORMALIZED_CONFIG, { value: true });\n  return normalized;\n}",
          );
          text = text.replace(
            "  const resolved = config?.databaseUrl ? config : loadNodePostgresAdapterConfig(config || {});",
            "  const resolved = config?.[NORMALIZED_CONFIG] ? config : loadNodePostgresAdapterConfig(config || {});",
          );
          if (!text.includes('NORMALIZED_CONFIG') || !text.includes('validateApplicationName') || !text.includes('config?.[NORMALIZED_CONFIG]')) {
            throw new Error('Adapter hardening patch did not apply completely.');
          }
          fs.writeFileSync(target, text);
          NODE
          node --check src/node-postgres-adapter.mjs
      - uses: actions/upload-artifact@v4
        with:
          name: hardened-node-postgres-adapter
          path: src/node-postgres-adapter.mjs
          retention-days: 1
          if-no-files-found: error
